PODS:
  - URBNSwiftAlert (0.1.0):
    - URBNSwiftyConvenience
  - URBNSwiftyConvenience (0.1.0)

DEPENDENCIES:
  - URBNSwiftAlert (from `../`)

EXTERNAL SOURCES:
  URBNSwiftAlert:
    :path: ../

SPEC CHECKSUMS:
  URBNSwiftAlert: 409291cdc9ea6b46a26d9dab2c79e3bd8615e4f0
  URBNSwiftyConvenience: 047b84b2e14ada71c4e7cb284e33fd36e154ba86

PODFILE CHECKSUM: dad806117410cc8491b4e77cc5115e388ef493db

COCOAPODS: 1.3.1
