PODS:
  - URBNConvenience (2.3.2)
  - URBNSwiftAlert (0.1.0):
    - URBNConvenience

DEPENDENCIES:
  - URBNSwiftAlert (from `../`)

EXTERNAL SOURCES:
  URBNSwiftAlert:
    :path: "../"

SPEC CHECKSUMS:
  URBNConvenience: '071493005f1d10c1b43bac0d753adec119c83553'
  URBNSwiftAlert: 05c5111f7fde13c33c2b277cefc8337e0ff7c508

PODFILE CHECKSUM: 1604b6d2e8f0cbab75ddc09bbdf4a524b458c9c2

COCOAPODS: 1.2.1
